
Microsoft Visual Studio Solution File, Format Version 12.00
# Visual Studio Version 17
VisualStudioVersion = 17.2.32630.192
MinimumVisualStudioVersion = 10.0.40219.1
Project("{9A19103F-16F7-4668-BE54-9A1E7A4F7556}") = "myApi", "myApi\myApi.csproj", "{4F886FD1-C8B0-4342-BC4B-2110EA76B044}"
EndProject
Project("{FAE04EC0-301F-11D3-BF4B-00C04F79EFBC}") = "UnitTest", "UnitTest\UnitTest.csproj", "{F12C38B7-DD56-470C-BB13-F0037D5F669B}"
EndProject
Global
	GlobalSection(SolutionConfigurationPlatforms) = preSolution
		Debug|Any CPU = Debug|Any CPU
		Release|Any CPU = Release|Any CPU
	EndGlobalSection
	GlobalSection(ProjectConfigurationPlatforms) = postSolution
		{4F886FD1-C8B0-4342-BC4B-2110EA76B044}.Debug|Any CPU.ActiveCfg = Debug|Any CPU
		{4F886FD1-C8B0-4342-BC4B-2110EA76B044}.Debug|Any CPU.Build.0 = Debug|Any CPU
		{4F886FD1-C8B0-4342-BC4B-2110EA76B044}.Release|Any CPU.ActiveCfg = Release|Any CPU
		{4F886FD1-C8B0-4342-BC4B-2110EA76B044}.Release|Any CPU.Build.0 = Release|Any CPU
		{F12C38B7-DD56-470C-BB13-F0037D5F669B}.Debug|Any CPU.ActiveCfg = Debug|Any CPU
		{F12C38B7-DD56-470C-BB13-F0037D5F669B}.Debug|Any CPU.Build.0 = Debug|Any CPU
		{F12C38B7-DD56-470C-BB13-F0037D5F669B}.Release|Any CPU.ActiveCfg = Release|Any CPU
		{F12C38B7-DD56-470C-BB13-F0037D5F669B}.Release|Any CPU.Build.0 = Release|Any CPU
	EndGlobalSection
	GlobalSection(SolutionProperties) = preSolution
		HideSolutionNode = FALSE
	EndGlobalSection
	GlobalSection(ExtensibilityGlobals) = postSolution
		SolutionGuid = {FF536E3E-3F26-402E-8EF1-D89DFC07272D}
	EndGlobalSection
EndGlobal
